
Microsoft Visual Studio Solution File, Format Version 12.00
# Visual Studio Version 16
VisualStudioVersion = 16.0.30804.86
MinimumVisualStudioVersion = 10.0.40219.1
Project("{FAE04EC0-301F-11D3-BF4B-00C04F79EFBC}") = "DataContextSample", "DataContextSample\DataContextSample.csproj", "{9FC97CC2-0663-4342-BAE5-FF8E76F91FFE}"
EndProject
Global
	GlobalSection(SolutionConfigurationPlatforms) = preSolution
		Debug|Any CPU = Debug|Any CPU
		Release|Any CPU = Release|Any CPU
	EndGlobalSection
	GlobalSection(ProjectConfigurationPlatforms) = postSolution
		{9FC97CC2-0663-4342-BAE5-FF8E76F91FFE}.Debug|Any CPU.ActiveCfg = Debug|Any CPU
		{9FC97CC2-0663-4342-BAE5-FF8E76F91FFE}.Debug|Any CPU.Build.0 = Debug|Any CPU
		{9FC97CC2-0663-4342-BAE5-FF8E76F91FFE}.Release|Any CPU.ActiveCfg = Release|Any CPU
		{9FC97CC2-0663-4342-BAE5-FF8E76F91FFE}.Release|Any CPU.Build.0 = Release|Any CPU
	EndGlobalSection
	GlobalSection(SolutionProperties) = preSolution
		HideSolutionNode = FALSE
	EndGlobalSection
	GlobalSection(ExtensibilityGlobals) = postSolution
		SolutionGuid = {C259C650-15A6-48F7-8D78-3CF0E54CBD66}
	EndGlobalSection
EndGlobal
